<?xml version="1.0" encoding="utf-8"?>
<Project ToolsVersion="4.0" xmlns="http://schemas.microsoft.com/developer/msbuild/2003">
  <ItemGroup>
    <Filter Include="Source Files">
      <UniqueIdentifier>{4FC737F1-C7A5-4376-A066-2A32D752A2FF}</UniqueIdentifier>
      <Extensions>cpp;c;cc;cxx;c++;cppm;ixx;def;odl;idl;hpj;bat;asm;asmx</Extensions>
    </Filter>
    <Filter Include="Header Files">
      <UniqueIdentifier>{93995380-89BD-4b04-88EB-625FBE52EBFB}</UniqueIdentifier>
      <Extensions>h;hh;hpp;hxx;h++;hm;inl;inc;ipp;xsd</Extensions>
    </Filter>
    <Filter Include="Resource Files">
      <UniqueIdentifier>{67DA6AB6-F800-4c08-8B7A-83BB121AAD01}</UniqueIdentifier>
      <Extensions>rc;ico;cur;bmp;dlg;rc2;rct;bin;rgs;gif;jpg;jpeg;jpe;resx;tiff;tif;png;wav;mfcribbon-ms</Extensions>
    </Filter>
    <Filter Include="_EXTERNAL">
      <UniqueIdentifier>{86159ce0-34a3-47fb-a592-5a392d87a730}</UniqueIdentifier>
    </Filter>
    <Filter Include="_EXTERNAL\imgui">
      <UniqueIdentifier>{47e214cd-bfb6-47a4-8158-99d0a768e696}</UniqueIdentifier>
    </Filter>
    <Filter Include="Util">
      <UniqueIdentifier>{b88f662a-1e03-4273-8679-d06f56286f92}</UniqueIdentifier>
    </Filter>
  </ItemGroup>
  <ItemGroup>
    <ClInclude Include="src\Version.h">
      <Filter>Header Files</Filter>
    </ClInclude>
    <ClInclude Include="src\Remote.h">
      <Filter>Header Files</Filter>
    </ClInclude>
    <ClInclude Include="src\imgui\imconfig.h">
      <Filter>_EXTERNAL\imgui</Filter>
    </ClInclude>
    <ClInclude Include="src\imgui\imgui.h">
      <Filter>_EXTERNAL\imgui</Filter>
    </ClInclude>
    <ClInclude Include="src\imgui\imgui_internal.h">
      <Filter>_EXTERNAL\imgui</Filter>
    </ClInclude>
    <ClInclude Include="src\imgui\imstb_rectpack.h">
      <Filter>_EXTERNAL\imgui</Filter>
    </ClInclude>
    <ClInclude Include="src\imgui\imstb_textedit.h">
      <Filter>_EXTERNAL\imgui</Filter>
    </ClInclude>
    <ClInclude Include="src\imgui\imstb_truetype.h">
      <Filter>_EXTERNAL\imgui</Filter>
    </ClInclude>
    <ClInclude Include="src\nexus\Nexus.h">
      <Filter>_EXTERNAL</Filter>
    </ClInclude>
    <ClInclude Include="src\mumble\Mumble.h">
      <Filter>_EXTERNAL</Filter>
    </ClInclude>
    <ClInclude Include="src\nlohmann\json.hpp">
      <Filter>_EXTERNAL</Filter>
    </ClInclude>
    <ClInclude Include="src\resource.h">
      <Filter>Resource Files</Filter>
    </ClInclude>
    <ClInclude Include="src\Util\src\CmdLine.h">
      <Filter>Util</Filter>
    </ClInclude>
    <ClInclude Include="src\Util\src\DLL.h">
      <Filter>Util</Filter>
    </ClInclude>
    <ClInclude Include="src\Util\src\Enums.h">
      <Filter>Util</Filter>
    </ClInclude>
    <ClInclude Include="src\Util\src\Inputs.h">
      <Filter>Util</Filter>
    </ClInclude>
    <ClInclude Include="src\Util\src\Memory.h">
      <Filter>Util</Filter>
    </ClInclude>
    <ClInclude Include="src\Util\src\Paths.h">
      <Filter>Util</Filter>
    </ClInclude>
    <ClInclude Include="src\Util\src\Resources.h">
      <Filter>Util</Filter>
    </ClInclude>
    <ClInclude Include="src\Util\src\Strings.h">
      <Filter>Util</Filter>
    </ClInclude>
    <ClInclude Include="src\Util\src\Time.h">
      <Filter>Util</Filter>
    </ClInclude>
    <ClInclude Include="src\Util\src\Url.h">
      <Filter>Util</Filter>
    </ClInclude>
    <ClInclude Include="src\Util\src\Base64.h">
      <Filter>Util</Filter>
    </ClInclude>
    <ClInclude Include="src\imgui_extensions.h">
      <Filter>Header Files</Filter>
    </ClInclude>
  </ItemGroup>
  <ItemGroup>
    <ClCompile Include="src\imgui\imgui.cpp">
      <Filter>_EXTERNAL\imgui</Filter>
    </ClCompile>
    <ClCompile Include="src\imgui\imgui_demo.cpp">
      <Filter>_EXTERNAL\imgui</Filter>
    </ClCompile>
    <ClCompile Include="src\imgui\imgui_draw.cpp">
      <Filter>_EXTERNAL\imgui</Filter>
    </ClCompile>
    <ClCompile Include="src\imgui\imgui_tables.cpp">
      <Filter>_EXTERNAL\imgui</Filter>
    </ClCompile>
    <ClCompile Include="src\imgui\imgui_widgets.cpp">
      <Filter>_EXTERNAL\imgui</Filter>
    </ClCompile>
    <ClCompile Include="src\Util\src\CmdLine.cpp">
      <Filter>Util</Filter>
    </ClCompile>
    <ClCompile Include="src\Util\src\DLL.cpp">
      <Filter>Util</Filter>
    </ClCompile>
    <ClCompile Include="src\Util\src\Inputs.cpp">
      <Filter>Util</Filter>
    </ClCompile>
    <ClCompile Include="src\Util\src\Memory.cpp">
      <Filter>Util</Filter>
    </ClCompile>
    <ClCompile Include="src\Util\src\Paths.cpp">
      <Filter>Util</Filter>
    </ClCompile>
    <ClCompile Include="src\Util\src\Resources.cpp">
      <Filter>Util</Filter>
    </ClCompile>
    <ClCompile Include="src\Util\src\Strings.cpp">
      <Filter>Util</Filter>
    </ClCompile>
    <ClCompile Include="src\Util\src\Time.cpp">
      <Filter>Util</Filter>
    </ClCompile>
    <ClCompile Include="src\Util\src\Url.cpp">
      <Filter>Util</Filter>
    </ClCompile>
    <ClCompile Include="src\Util\src\Base64.cpp">
      <Filter>Util</Filter>
    </ClCompile>
    <ClCompile Include="src\Addon.cpp">
      <Filter>Source Files</Filter>
    </ClCompile>
  </ItemGroup>
  <ItemGroup>
    <ResourceCompile Include="src\GW2-MouseLookHandler.rc">
      <Filter>Resource Files</Filter>
    </ResourceCompile>
  </ItemGroup>
  <ItemGroup>
    <Text Include="src\imgui\LICENSE.txt">
      <Filter>_EXTERNAL\imgui</Filter>
    </Text>
  </ItemGroup>
</Project>